<?xml version="1.0" encoding="utf-8"?>
<Project ToolsVersion="4.0" xmlns="http://schemas.microsoft.com/developer/msbuild/2003">
  <ItemGroup>
    <Filter Include="Source Files">
      <UniqueIdentifier>{4FC737F1-C7A5-4376-A066-2A32D752A2FF}</UniqueIdentifier>
      <Extensions>cpp;c;cc;cxx;c++;cppm;ixx;def;odl;idl;hpj;bat;asm;asmx</Extensions>
    </Filter>
    <Filter Include="Header Files">
      <UniqueIdentifier>{93995380-89BD-4b04-88EB-625FBE52EBFB}</UniqueIdentifier>
      <Extensions>h;hh;hpp;hxx;h++;hm;inl;inc;ipp;xsd</Extensions>
    </Filter>
    <Filter Include="Resource Files">
      <UniqueIdentifier>{67DA6AB6-F800-4c08-8B7A-83BB121AAD01}</UniqueIdentifier>
      <Extensions>rc;ico;cur;bmp;dlg;rc2;rct;bin;rgs;gif;jpg;jpeg;jpe;resx;tiff;tif;png;wav;mfcribbon-ms</Extensions>
    </Filter>
  </ItemGroup>
  <ItemGroup>
    <ClInclude Include="src\PD\SDK\Void.hpp">
      <Filter>Header Files</Filter>
    </ClInclude>
    <ClInclude Include="src\PD\Hooks\Present\hkPresent.hpp">
      <Filter>Header Files</Filter>
    </ClInclude>
    <ClInclude Include="src\PD\SDK\Hook System\Hook System.hpp">
      <Filter>Header Files</Filter>
    </ClInclude>
    <ClInclude Include="src\PD\SDK\Callback Manager\Callback Manager.hpp">
      <Filter>Header Files</Filter>
    </ClInclude>
    <ClInclude Include="src\PD\SDK\Invoker\Invoker.hpp">
      <Filter>Header Files</Filter>
    </ClInclude>
    <ClInclude Include="src\PD\SDK\Structs\Structs.hpp">
      <Filter>Header Files</Filter>
    </ClInclude>
    <ClInclude Include="src\PD\SDK\Memory Manager\Memory Manager.hpp">
      <Filter>Header Files</Filter>
    </ClInclude>
    <ClInclude Include="src\PD\SDK\Lua Engine\Lua Engine.hpp">
      <Filter>Header Files</Filter>
    </ClInclude>
    <ClInclude Include="src\PD\Hooks\EndScene\hkEndScene.hpp">
      <Filter>Header Files</Filter>
    </ClInclude>
    <ClInclude Include="src\Dependencies\Include\ImGui\imconfig.h">
      <Filter>Header Files</Filter>
    </ClInclude>
    <ClInclude Include="src\Dependencies\Include\ImGui\imgui.h">
      <Filter>Header Files</Filter>
    </ClInclude>
    <ClInclude Include="src\Dependencies\Include\ImGui\imgui_cpp.hpp">
      <Filter>Header Files</Filter>
    </ClInclude>
    <ClInclude Include="src\Dependencies\Include\ImGui\imgui_impl_dx9.h">
      <Filter>Header Files</Filter>
    </ClInclude>
    <ClInclude Include="src\Dependencies\Include\ImGui\imgui_impl_dx11.h">
      <Filter>Header Files</Filter>
    </ClInclude>
    <ClInclude Include="src\Dependencies\Include\ImGui\imgui_impl_win32.h">
      <Filter>Header Files</Filter>
    </ClInclude>
    <ClInclude Include="src\Dependencies\Include\ImGui\imgui_internal.h">
      <Filter>Header Files</Filter>
    </ClInclude>
    <ClInclude Include="src\Dependencies\Include\ImGui\imstb_rectpack.h">
      <Filter>Header Files</Filter>
    </ClInclude>
    <ClInclude Include="src\Dependencies\Include\ImGui\imstb_textedit.h">
      <Filter>Header Files</Filter>
    </ClInclude>
    <ClInclude Include="src\Dependencies\Include\ImGui\imstb_truetype.h">
      <Filter>Header Files</Filter>
    </ClInclude>
    <ClInclude Include="src\Dependencies\Include\MinHook.h">
      <Filter>Header Files</Filter>
    </ClInclude>
    <ClInclude Include="src\PD\UI\UI.hpp">
      <Filter>Header Files</Filter>
    </ClInclude>
    <ClInclude Include="src\PD\Hooks\Window Proc\hkWndProc.hpp">
      <Filter>Header Files</Filter>
    </ClInclude>
    <ClInclude Include="src\PD\Hooks\ExecuteIt\hkExecuteIt.hpp">
      <Filter>Header Files</Filter>
    </ClInclude>
    <ClInclude Include="src\Dependencies\Include\sol\sol.hpp">
      <Filter>Header Files</Filter>
    </ClInclude>
    <ClInclude Include="src\Dependencies\Include\sol\forward.hpp">
      <Filter>Header Files</Filter>
    </ClInclude>
    <ClInclude Include="src\Dependencies\Include\sol\config.hpp">
      <Filter>Header Files</Filter>
    </ClInclude>
    <ClInclude Include="src\Dependencies\Include\lauxlib.h">
      <Filter>Header Files</Filter>
    </ClInclude>
    <ClInclude Include="src\Dependencies\Include\lua.h">
      <Filter>Header Files</Filter>
    </ClInclude>
    <ClInclude Include="src\Dependencies\Include\lua.hpp">
      <Filter>Header Files</Filter>
    </ClInclude>
    <ClInclude Include="src\Dependencies\Include\luaconf.h">
      <Filter>Header Files</Filter>
    </ClInclude>
    <ClInclude Include="src\Dependencies\Include\lualib.h">
      <Filter>Header Files</Filter>
    </ClInclude>
    <ClInclude Include="src\Dependencies\Include\ImGui\TextEditor.hpp">
      <Filter>Header Files</Filter>
    </ClInclude>
    <ClInclude Include="src\Dependencies\Include\Memories\CatHeaven.hpp">
      <Filter>Header Files</Filter>
    </ClInclude>
    <ClInclude Include="src\PD\UI\Lua Console\Lua Console.hpp">
      <Filter>Header Files</Filter>
    </ClInclude>
    <ClInclude Include="src\PD\Hooks\DoCallScript\hkDoCallScript.hpp">
      <Filter>Header Files</Filter>
    </ClInclude>
    <ClInclude Include="src\PD\Hooks\YYMemManager\YYMemManager.hpp">
      <Filter>Header Files</Filter>
    </ClInclude>
  </ItemGroup>
  <ItemGroup>
    <ClCompile Include="src\PD\SDK\Void.cpp">
      <Filter>Source Files</Filter>
    </ClCompile>
    <ClCompile Include="src\PD\Hooks\Present\hkPresent.cpp">
      <Filter>Source Files</Filter>
    </ClCompile>
    <ClCompile Include="src\PD\SDK\Hook System\Hook System.cpp">
      <Filter>Source Files</Filter>
    </ClCompile>
    <ClCompile Include="src\PD\SDK\Callback Manager\Callback Manager.cpp">
      <Filter>Source Files</Filter>
    </ClCompile>
    <ClCompile Include="src\PD\SDK\Invoker\Invoker.cpp">
      <Filter>Source Files</Filter>
    </ClCompile>
    <ClCompile Include="src\PD\SDK\Memory Manager\Memory Manager.cpp">
      <Filter>Source Files</Filter>
    </ClCompile>
    <ClCompile Include="src\PD\SDK\Lua Engine\Lua Engine.cpp">
      <Filter>Source Files</Filter>
    </ClCompile>
    <ClCompile Include="src\PD\SDK\Structs\Structs.cpp">
      <Filter>Source Files</Filter>
    </ClCompile>
    <ClCompile Include="src\PD\DllMain.cpp">
      <Filter>Source Files</Filter>
    </ClCompile>
    <ClCompile Include="src\PD\Hooks\EndScene\hkEndScene.cpp">
      <Filter>Source Files</Filter>
    </ClCompile>
    <ClCompile Include="src\Dependencies\Include\ImGui\imgui.cpp">
      <Filter>Source Files</Filter>
    </ClCompile>
    <ClCompile Include="src\Dependencies\Include\ImGui\imgui_demo.cpp">
      <Filter>Source Files</Filter>
    </ClCompile>
    <ClCompile Include="src\Dependencies\Include\ImGui\imgui_draw.cpp">
      <Filter>Source Files</Filter>
    </ClCompile>
    <ClCompile Include="src\Dependencies\Include\ImGui\imgui_impl_dx9.cpp">
      <Filter>Source Files</Filter>
    </ClCompile>
    <ClCompile Include="src\Dependencies\Include\ImGui\imgui_impl_dx11.cpp">
      <Filter>Source Files</Filter>
    </ClCompile>
    <ClCompile Include="src\Dependencies\Include\ImGui\imgui_impl_win32.cpp">
      <Filter>Source Files</Filter>
    </ClCompile>
    <ClCompile Include="src\Dependencies\Include\ImGui\imgui_tables.cpp">
      <Filter>Source Files</Filter>
    </ClCompile>
    <ClCompile Include="src\Dependencies\Include\ImGui\imgui_widgets.cpp">
      <Filter>Source Files</Filter>
    </ClCompile>
    <ClCompile Include="src\PD\UI\UI.cpp">
      <Filter>Source Files</Filter>
    </ClCompile>
    <ClCompile Include="src\PD\Hooks\Window Proc\hkWndProc.cpp">
      <Filter>Source Files</Filter>
    </ClCompile>
    <ClCompile Include="src\PD\UI\Game-exclusive\Deltarune.cpp">
      <Filter>Source Files</Filter>
    </ClCompile>
    <ClCompile Include="src\PD\UI\Game-exclusive\Undertale.cpp">
      <Filter>Source Files</Filter>
    </ClCompile>
    <ClCompile Include="src\PD\UI\Game-exclusive\TS_Underswap.cpp">
      <Filter>Source Files</Filter>
    </ClCompile>
    <ClCompile Include="src\PD\Hooks\ExecuteIt\hkExecuteIt.cpp">
      <Filter>Source Files</Filter>
    </ClCompile>
    <ClCompile Include="src\Dependencies\Include\ImGui\TextEditor.cpp">
      <Filter>Source Files</Filter>
    </ClCompile>
    <ClCompile Include="src\Dependencies\Include\Memories\CatHeaven.cpp">
      <Filter>Source Files</Filter>
    </ClCompile>
    <ClCompile Include="src\PD\UI\Lua Console\Lua Console.cpp">
      <Filter>Source Files</Filter>
    </ClCompile>
    <ClCompile Include="src\PD\Hooks\DoCallScript\hkDoCallScript.cpp">
      <Filter>Source Files</Filter>
    </ClCompile>
    <ClCompile Include="src\PD\Hooks\YYMemManager\YYMemManager.cpp">
      <Filter>Source Files</Filter>
    </ClCompile>
  </ItemGroup>
</Project>