<?xml version="1.0" encoding="utf-8"?>
<Project ToolsVersion="4.0" xmlns="http://schemas.microsoft.com/developer/msbuild/2003">
  <ItemGroup>
    <Filter Include="Source Files">
      <UniqueIdentifier>{4FC737F1-C7A5-4376-A066-2A32D752A2FF}</UniqueIdentifier>
      <Extensions>cpp;c;cc;cxx;c++;cppm;ixx;def;odl;idl;hpj;bat;asm;asmx</Extensions>
    </Filter>
    <Filter Include="Header Files">
      <UniqueIdentifier>{93995380-89BD-4b04-88EB-625FBE52EBFB}</UniqueIdentifier>
      <Extensions>h;hh;hpp;hxx;h++;hm;inl;inc;ipp;xsd</Extensions>
    </Filter>
    <Filter Include="Resource Files">
      <UniqueIdentifier>{67DA6AB6-F800-4c08-8B7A-83BB121AAD01}</UniqueIdentifier>
      <Extensions>rc;ico;cur;bmp;dlg;rc2;rct;bin;rgs;gif;jpg;jpeg;jpe;resx;tiff;tif;png;wav;mfcribbon-ms</Extensions>
    </Filter>
    <Filter Include="Resource Files\Dependencies">
      <UniqueIdentifier>{82fe30d6-d8e5-469a-a1bc-d4edd9edf508}</UniqueIdentifier>
    </Filter>
    <Filter Include="Resource Files\Dependencies\ImGui">
      <UniqueIdentifier>{acb4157a-07c1-4d83-88d5-22d56fadc45f}</UniqueIdentifier>
    </Filter>
    <Filter Include="Resource Files\Dependencies\MinHook">
      <UniqueIdentifier>{23bd316c-f1e4-49d7-8689-02aadff0699d}</UniqueIdentifier>
    </Filter>
    <Filter Include="Resource Files\Main Module">
      <UniqueIdentifier>{23959584-acec-4156-b1ce-69e7a3ac040c}</UniqueIdentifier>
    </Filter>
    <Filter Include="Resource Files\Main Module\Core">
      <UniqueIdentifier>{8623f2be-605a-4a72-b609-d1e8ae94711e}</UniqueIdentifier>
    </Filter>
    <Filter Include="Resource Files\Main Module\Core\Structures">
      <UniqueIdentifier>{7cc1a994-123e-4526-985d-6be5a799e53f}</UniqueIdentifier>
    </Filter>
    <Filter Include="Resource Files\Main Module\SDK">
      <UniqueIdentifier>{14fa1927-01ad-41f0-ad3e-56ce716b1b41}</UniqueIdentifier>
    </Filter>
    <Filter Include="Resource Files\Main Module\SDK\Memory">
      <UniqueIdentifier>{a4e09f96-c180-4ca0-abf9-fab90f336854}</UniqueIdentifier>
    </Filter>
    <Filter Include="Resource Files\Main Module\Hooks">
      <UniqueIdentifier>{9fccd96d-df1d-4824-90f6-3e9e7dd214c0}</UniqueIdentifier>
    </Filter>
    <Filter Include="Resource Files\Main Module\Hooks\hkPresent %28DX11%29">
      <UniqueIdentifier>{05b40f3a-91d5-4120-97d2-9a7e3b0b58cd}</UniqueIdentifier>
    </Filter>
    <Filter Include="Resource Files\Main Module\Hooks\hkEndScene %28DX9%29">
      <UniqueIdentifier>{644c0466-ec6d-460d-9381-5110fd272cc9}</UniqueIdentifier>
    </Filter>
    <Filter Include="Resource Files\Main Module\UI">
      <UniqueIdentifier>{4e901ec8-9a62-49c4-9fe1-26964221ee8e}</UniqueIdentifier>
    </Filter>
    <Filter Include="Resource Files\Main Module\Hooks\hkWndProc %28Win32%29">
      <UniqueIdentifier>{c3a0e73c-731c-4c8e-875e-7d63554219d0}</UniqueIdentifier>
    </Filter>
    <Filter Include="Resource Files\Main Module\SDK\WndProc">
      <UniqueIdentifier>{c45a1f5b-5f2a-494f-b57b-3099483afe4f}</UniqueIdentifier>
    </Filter>
    <Filter Include="Resource Files\Main Module\SDK\DirectX">
      <UniqueIdentifier>{7b22df19-d974-42c6-9102-74ad3f601857}</UniqueIdentifier>
    </Filter>
    <Filter Include="Resource Files\Main Module\SDK\Structs">
      <UniqueIdentifier>{638c8a55-2580-4973-a481-bcdc91de26d8}</UniqueIdentifier>
    </Filter>
    <Filter Include="Resource Files\Main Module\SDK\Debug">
      <UniqueIdentifier>{20bd4515-49f2-476e-920c-26a02d91d3d7}</UniqueIdentifier>
    </Filter>
    <Filter Include="Resource Files\Main Module\Hooks\hkDebug">
      <UniqueIdentifier>{3d8cde90-92ea-4d94-88f1-5eae5e80cf4e}</UniqueIdentifier>
    </Filter>
    <Filter Include="Resource Files\Main Module\Invoker">
      <UniqueIdentifier>{dd188cff-bfa1-425c-8810-6e40dc36a9ee}</UniqueIdentifier>
    </Filter>
  </ItemGroup>
  <ItemGroup>
    <ClCompile Include="DllMain.cpp">
      <Filter>Source Files</Filter>
    </ClCompile>
    <ClCompile Include="Dependencies\ImGui\imgui.cpp">
      <Filter>Resource Files\Dependencies\ImGui</Filter>
    </ClCompile>
    <ClCompile Include="Dependencies\ImGui\imgui_demo.cpp">
      <Filter>Resource Files\Dependencies\ImGui</Filter>
    </ClCompile>
    <ClCompile Include="Dependencies\ImGui\imgui_draw.cpp">
      <Filter>Resource Files\Dependencies\ImGui</Filter>
    </ClCompile>
    <ClCompile Include="Dependencies\ImGui\imgui_impl_dx11.cpp">
      <Filter>Resource Files\Dependencies\ImGui</Filter>
    </ClCompile>
    <ClCompile Include="Dependencies\ImGui\imgui_impl_win32.cpp">
      <Filter>Resource Files\Dependencies\ImGui</Filter>
    </ClCompile>
    <ClCompile Include="Dependencies\ImGui\imgui_tables.cpp">
      <Filter>Resource Files\Dependencies\ImGui</Filter>
    </ClCompile>
    <ClCompile Include="Dependencies\ImGui\imgui_widgets.cpp">
      <Filter>Resource Files\Dependencies\ImGui</Filter>
    </ClCompile>
    <ClCompile Include="src\SDK\Memory\Memory.cpp">
      <Filter>Resource Files\Main Module\SDK\Memory</Filter>
    </ClCompile>
    <ClCompile Include="src\Core\Core.cpp">
      <Filter>Resource Files\Main Module\Core</Filter>
    </ClCompile>
    <ClCompile Include="src\Hooks\hkEndScene\hkEndScene.cpp">
      <Filter>Resource Files\Main Module\Hooks\hkEndScene %28DX9%29</Filter>
    </ClCompile>
    <ClCompile Include="src\Hooks\hkPresent\hkPresent.cpp">
      <Filter>Resource Files\Main Module\Hooks\hkPresent %28DX11%29</Filter>
    </ClCompile>
    <ClCompile Include="src\UI\UI.cpp">
      <Filter>Resource Files\Main Module\UI</Filter>
    </ClCompile>
    <ClCompile Include="Dependencies\ImGui\imgui_impl_dx9.cpp">
      <Filter>Resource Files\Dependencies\ImGui</Filter>
    </ClCompile>
    <ClCompile Include="src\Hooks\hkWndProc\hkWndProc.cpp">
      <Filter>Resource Files\Main Module\Hooks\hkWndProc %28Win32%29</Filter>
    </ClCompile>
    <ClCompile Include="src\SDK\WndProc\WndProc.cpp">
      <Filter>Resource Files\Main Module\SDK\WndProc</Filter>
    </ClCompile>
    <ClCompile Include="src\SDK\DirectX\DirectX.cpp">
      <Filter>Resource Files\Main Module\SDK\DirectX</Filter>
    </ClCompile>
    <ClCompile Include="src\SDK\Structs\Structs.cpp">
      <Filter>Resource Files\Main Module\SDK\Structs</Filter>
    </ClCompile>
    <ClCompile Include="src\Core\Structures\RValue.cpp">
      <Filter>Resource Files\Main Module\Core\Structures</Filter>
    </ClCompile>
    <ClCompile Include="src\SDK\Debugging\Debug.cpp">
      <Filter>Resource Files\Main Module\SDK\Debug</Filter>
    </ClCompile>
    <ClCompile Include="src\Hooks\hkDebug\hkDebug.cpp">
      <Filter>Resource Files\Main Module\Hooks\hkDebug</Filter>
    </ClCompile>
    <ClCompile Include="src\Invoker\Invoker.cpp">
      <Filter>Resource Files\Main Module\Invoker</Filter>
    </ClCompile>
  </ItemGroup>
  <ItemGroup>
    <ClInclude Include="Dependencies\ImGui\imconfig.h">
      <Filter>Resource Files\Dependencies\ImGui</Filter>
    </ClInclude>
    <ClInclude Include="Dependencies\ImGui\imgui.h">
      <Filter>Resource Files\Dependencies\ImGui</Filter>
    </ClInclude>
    <ClInclude Include="Dependencies\ImGui\imgui_impl_dx11.h">
      <Filter>Resource Files\Dependencies\ImGui</Filter>
    </ClInclude>
    <ClInclude Include="Dependencies\ImGui\imgui_impl_win32.h">
      <Filter>Resource Files\Dependencies\ImGui</Filter>
    </ClInclude>
    <ClInclude Include="Dependencies\ImGui\imgui_internal.h">
      <Filter>Resource Files\Dependencies\ImGui</Filter>
    </ClInclude>
    <ClInclude Include="Dependencies\ImGui\imstb_rectpack.h">
      <Filter>Resource Files\Dependencies\ImGui</Filter>
    </ClInclude>
    <ClInclude Include="Dependencies\ImGui\imstb_textedit.h">
      <Filter>Resource Files\Dependencies\ImGui</Filter>
    </ClInclude>
    <ClInclude Include="Dependencies\ImGui\imstb_truetype.h">
      <Filter>Resource Files\Dependencies\ImGui</Filter>
    </ClInclude>
    <ClInclude Include="Dependencies\Include\MinHook.h">
      <Filter>Resource Files\Dependencies\MinHook</Filter>
    </ClInclude>
    <ClInclude Include="src\Core\Core.hpp">
      <Filter>Resource Files\Main Module\Core</Filter>
    </ClInclude>
    <ClInclude Include="src\SDK\Memory\Memory.hpp">
      <Filter>Resource Files\Main Module\SDK\Memory</Filter>
    </ClInclude>
    <ClInclude Include="src\SDK\SDK.hpp">
      <Filter>Resource Files\Main Module\SDK</Filter>
    </ClInclude>
    <ClInclude Include="src\Core\Structures\GameObject.hpp">
      <Filter>Resource Files\Main Module\Core\Structures</Filter>
    </ClInclude>
    <ClInclude Include="src\Core\Structures\PlayerData.hpp">
      <Filter>Resource Files\Main Module\Core\Structures</Filter>
    </ClInclude>
    <ClInclude Include="src\Hooks\Hooks.hpp">
      <Filter>Resource Files\Main Module\Hooks</Filter>
    </ClInclude>
    <ClInclude Include="src\Hooks\hkEndScene\hkEndScene.hpp">
      <Filter>Resource Files\Main Module\Hooks\hkEndScene %28DX9%29</Filter>
    </ClInclude>
    <ClInclude Include="src\Hooks\hkPresent\hkPresent.hpp">
      <Filter>Resource Files\Main Module\Hooks\hkPresent %28DX11%29</Filter>
    </ClInclude>
    <ClInclude Include="src\UI\UI.hpp">
      <Filter>Resource Files\Main Module\UI</Filter>
    </ClInclude>
    <ClInclude Include="Dependencies\ImGui\imgui_impl_dx9.h">
      <Filter>Resource Files\Dependencies\ImGui</Filter>
    </ClInclude>
    <ClInclude Include="src\Hooks\hkWndProc\hkWndProc.hpp">
      <Filter>Resource Files\Main Module\Hooks\hkWndProc %28Win32%29</Filter>
    </ClInclude>
    <ClInclude Include="src\SDK\WndProc\WndProc.hpp">
      <Filter>Resource Files\Main Module\SDK\WndProc</Filter>
    </ClInclude>
    <ClInclude Include="src\SDK\DirectX\DirectX.hpp">
      <Filter>Resource Files\Main Module\SDK\DirectX</Filter>
    </ClInclude>
    <ClInclude Include="src\SDK\Structs\Structs.hpp">
      <Filter>Resource Files\Main Module\SDK\Structs</Filter>
    </ClInclude>
    <ClInclude Include="src\Core\Structures\GameGlobals.hpp">
      <Filter>Resource Files\Main Module\Core\Structures</Filter>
    </ClInclude>
    <ClInclude Include="src\SDK\Debugging\Debug.hpp">
      <Filter>Resource Files\Main Module\SDK\Debug</Filter>
    </ClInclude>
    <ClInclude Include="src\Hooks\hkDebug\hkDebug.hpp">
      <Filter>Resource Files\Main Module\Hooks\hkDebug</Filter>
    </ClInclude>
    <ClInclude Include="src\Core\Structures\CallData.hpp">
      <Filter>Resource Files\Main Module\Core\Structures</Filter>
    </ClInclude>
    <ClInclude Include="src\Invoker\Invoker.hpp">
      <Filter>Resource Files\Main Module\Invoker</Filter>
    </ClInclude>
    <ClInclude Include="src\Core\Structures\RValue.hpp">
      <Filter>Resource Files\Main Module\Core\Structures</Filter>
    </ClInclude>
  </ItemGroup>
</Project>