<?xml version="1.0" encoding="utf-8"?>
<Project ToolsVersion="4.0" xmlns="http://schemas.microsoft.com/developer/msbuild/2003">
  <ItemGroup>
    <Filter Include="Source Files">
      <UniqueIdentifier>{4FC737F1-C7A5-4376-A066-2A32D752A2FF}</UniqueIdentifier>
      <Extensions>cpp;c;cc;cxx;c++;cppm;ixx;def;odl;idl;hpj;bat;asm;asmx</Extensions>
    </Filter>
    <Filter Include="Header Files">
      <UniqueIdentifier>{93995380-89BD-4b04-88EB-625FBE52EBFB}</UniqueIdentifier>
      <Extensions>h;hh;hpp;hxx;h++;hm;inl;inc;ipp;xsd</Extensions>
    </Filter>
    <Filter Include="Resource Files">
      <UniqueIdentifier>{67DA6AB6-F800-4c08-8B7A-83BB121AAD01}</UniqueIdentifier>
      <Extensions>rc;ico;cur;bmp;dlg;rc2;rct;bin;rgs;gif;jpg;jpeg;jpe;resx;tiff;tif;png;wav;mfcribbon-ms</Extensions>
    </Filter>
    <Filter Include="Resource Files\Dependencies">
      <UniqueIdentifier>{82fe30d6-d8e5-469a-a1bc-d4edd9edf508}</UniqueIdentifier>
    </Filter>
    <Filter Include="Resource Files\Dependencies\ImGui">
      <UniqueIdentifier>{acb4157a-07c1-4d83-88d5-22d56fadc45f}</UniqueIdentifier>
    </Filter>
    <Filter Include="Resource Files\Dependencies\MinHook">
      <UniqueIdentifier>{23bd316c-f1e4-49d7-8689-02aadff0699d}</UniqueIdentifier>
    </Filter>
    <Filter Include="Resource Files\Main Module">
      <UniqueIdentifier>{23959584-acec-4156-b1ce-69e7a3ac040c}</UniqueIdentifier>
    </Filter>
    <Filter Include="Resource Files\Main Module\Core">
      <UniqueIdentifier>{d32e4096-185a-46d8-a5c7-bbf27e35fee8}</UniqueIdentifier>
    </Filter>
    <Filter Include="Resource Files\Main Module\SDK">
      <UniqueIdentifier>{b9af9f52-1bfc-41cf-b92a-08b6ce8df265}</UniqueIdentifier>
    </Filter>
    <Filter Include="Resource Files\Main Module\SDK\DLua">
      <UniqueIdentifier>{6a27bdec-7fc3-40fb-831b-341c375edbe9}</UniqueIdentifier>
    </Filter>
    <Filter Include="Resource Files\Main Module\SDK\DHookManager">
      <UniqueIdentifier>{51df9ec0-d466-4021-b7c1-4e45ff8ba3a1}</UniqueIdentifier>
    </Filter>
    <Filter Include="Resource Files\Main Module\SDK\DCallbackManager">
      <UniqueIdentifier>{21f5ea27-274c-4a8f-9860-67981ee1bf06}</UniqueIdentifier>
    </Filter>
    <Filter Include="Resource Files\Main Module\SDK\DInvoker">
      <UniqueIdentifier>{41b3dc84-2ba6-4163-aa1a-e1c3a7fa224f}</UniqueIdentifier>
    </Filter>
    <Filter Include="Resource Files\Main Module\Structs">
      <UniqueIdentifier>{27a4d7fc-efd0-45a7-ac13-b77fc387ba64}</UniqueIdentifier>
    </Filter>
    <Filter Include="Resource Files\Main Module\Structs\GameMaker">
      <UniqueIdentifier>{34e4cf2e-11da-495c-8ce7-d650ed600d7a}</UniqueIdentifier>
    </Filter>
    <Filter Include="Resource Files\Main Module\Structs\Generic">
      <UniqueIdentifier>{59c66cb2-ca95-490a-96f7-bb27ad9fdd6a}</UniqueIdentifier>
    </Filter>
    <Filter Include="Resource Files\Main Module\Project Delta">
      <UniqueIdentifier>{32ed06f9-98ea-4021-99a0-9b6106811d76}</UniqueIdentifier>
    </Filter>
    <Filter Include="Resource Files\Main Module\Hooks">
      <UniqueIdentifier>{e26e0a17-8be1-445c-83cf-36d693da501c}</UniqueIdentifier>
    </Filter>
    <Filter Include="Resource Files\Main Module\Hooks\Present">
      <UniqueIdentifier>{237d9707-4ef5-4b2f-914c-27a5bf5afe5b}</UniqueIdentifier>
    </Filter>
    <Filter Include="Resource Files\Main Module\Hooks\WndProc">
      <UniqueIdentifier>{b9634059-82b4-4ba2-beda-4699cb332841}</UniqueIdentifier>
    </Filter>
    <Filter Include="Resource Files\Main Module\Hooks\EndScene">
      <UniqueIdentifier>{4c69934c-7cea-4b54-8e4a-2e4334cae5e2}</UniqueIdentifier>
    </Filter>
    <Filter Include="Resource Files\Main Module\Hooks\ExecuteIt">
      <UniqueIdentifier>{166e0856-371e-4462-a803-798879538d26}</UniqueIdentifier>
    </Filter>
    <Filter Include="Resource Files\Main Module\Hooks\DrawEvent">
      <UniqueIdentifier>{b62289b6-91f2-4127-b50f-fd96f6527c45}</UniqueIdentifier>
    </Filter>
  </ItemGroup>
  <ItemGroup>
    <ClCompile Include="Dependencies\ImGui\imgui.cpp">
      <Filter>Resource Files\Dependencies\ImGui</Filter>
    </ClCompile>
    <ClCompile Include="Dependencies\ImGui\imgui_demo.cpp">
      <Filter>Resource Files\Dependencies\ImGui</Filter>
    </ClCompile>
    <ClCompile Include="Dependencies\ImGui\imgui_draw.cpp">
      <Filter>Resource Files\Dependencies\ImGui</Filter>
    </ClCompile>
    <ClCompile Include="Dependencies\ImGui\imgui_impl_dx11.cpp">
      <Filter>Resource Files\Dependencies\ImGui</Filter>
    </ClCompile>
    <ClCompile Include="Dependencies\ImGui\imgui_impl_win32.cpp">
      <Filter>Resource Files\Dependencies\ImGui</Filter>
    </ClCompile>
    <ClCompile Include="Dependencies\ImGui\imgui_tables.cpp">
      <Filter>Resource Files\Dependencies\ImGui</Filter>
    </ClCompile>
    <ClCompile Include="Dependencies\ImGui\imgui_widgets.cpp">
      <Filter>Resource Files\Dependencies\ImGui</Filter>
    </ClCompile>
    <ClCompile Include="Dependencies\ImGui\imgui_impl_dx9.cpp">
      <Filter>Resource Files\Dependencies\ImGui</Filter>
    </ClCompile>
    <ClCompile Include="src\Core\Core.cpp">
      <Filter>Resource Files\Main Module\Core</Filter>
    </ClCompile>
    <ClCompile Include="src\API\PD.cpp">
      <Filter>Resource Files\Main Module\Project Delta</Filter>
    </ClCompile>
    <ClCompile Include="src\SDK\Callbacks\CallbackManager.cpp">
      <Filter>Resource Files\Main Module\SDK\DCallbackManager</Filter>
    </ClCompile>
    <ClCompile Include="src\SDK\Hooks\HookManager.cpp">
      <Filter>Resource Files\Main Module\SDK\DHookManager</Filter>
    </ClCompile>
    <ClCompile Include="src\SDK\Invoker\Invoker.cpp">
      <Filter>Resource Files\Main Module\SDK\DInvoker</Filter>
    </ClCompile>
    <ClCompile Include="src\SDK\Scripts\ScriptManager.cpp">
      <Filter>Resource Files\Main Module\SDK\DLua</Filter>
    </ClCompile>
    <ClCompile Include="src\Structs\GameMaker\RValue.cpp">
      <Filter>Resource Files\Main Module\Structs\GameMaker</Filter>
    </ClCompile>
    <ClCompile Include="src\DllMain.cpp">
      <Filter>Source Files</Filter>
    </ClCompile>
    <ClCompile Include="src\Hooks\hkPresent\hkPresent.cpp">
      <Filter>Resource Files\Main Module\Hooks\Present</Filter>
    </ClCompile>
    <ClCompile Include="src\Hooks\hkEndScene\hkEndScene.cpp">
      <Filter>Resource Files\Main Module\Hooks\EndScene</Filter>
    </ClCompile>
    <ClCompile Include="src\Hooks\hkExecuteIt\hkExecuteIt.cpp">
      <Filter>Resource Files\Main Module\Hooks\ExecuteIt</Filter>
    </ClCompile>
    <ClCompile Include="src\Hooks\hkWndProc\hkWndProc.cpp">
      <Filter>Resource Files\Main Module\Hooks\WndProc</Filter>
    </ClCompile>
  </ItemGroup>
  <ItemGroup>
    <ClInclude Include="Dependencies\ImGui\imconfig.h">
      <Filter>Resource Files\Dependencies\ImGui</Filter>
    </ClInclude>
    <ClInclude Include="Dependencies\ImGui\imgui.h">
      <Filter>Resource Files\Dependencies\ImGui</Filter>
    </ClInclude>
    <ClInclude Include="Dependencies\ImGui\imgui_impl_dx11.h">
      <Filter>Resource Files\Dependencies\ImGui</Filter>
    </ClInclude>
    <ClInclude Include="Dependencies\ImGui\imgui_impl_win32.h">
      <Filter>Resource Files\Dependencies\ImGui</Filter>
    </ClInclude>
    <ClInclude Include="Dependencies\ImGui\imgui_internal.h">
      <Filter>Resource Files\Dependencies\ImGui</Filter>
    </ClInclude>
    <ClInclude Include="Dependencies\ImGui\imstb_rectpack.h">
      <Filter>Resource Files\Dependencies\ImGui</Filter>
    </ClInclude>
    <ClInclude Include="Dependencies\ImGui\imstb_textedit.h">
      <Filter>Resource Files\Dependencies\ImGui</Filter>
    </ClInclude>
    <ClInclude Include="Dependencies\ImGui\imstb_truetype.h">
      <Filter>Resource Files\Dependencies\ImGui</Filter>
    </ClInclude>
    <ClInclude Include="Dependencies\Include\MinHook.h">
      <Filter>Resource Files\Dependencies\MinHook</Filter>
    </ClInclude>
    <ClInclude Include="Dependencies\ImGui\imgui_impl_dx9.h">
      <Filter>Resource Files\Dependencies\ImGui</Filter>
    </ClInclude>
    <ClInclude Include="src\Structs\Generic\Math.hpp">
      <Filter>Resource Files\Main Module\Structs\Generic</Filter>
    </ClInclude>
    <ClInclude Include="src\API\PD.hpp">
      <Filter>Resource Files\Main Module\Project Delta</Filter>
    </ClInclude>
    <ClInclude Include="src\SDK\Callbacks\CallbackManager.hpp">
      <Filter>Resource Files\Main Module\SDK\DCallbackManager</Filter>
    </ClInclude>
    <ClInclude Include="src\SDK\Hooks\HookManager.hpp">
      <Filter>Resource Files\Main Module\SDK\DHookManager</Filter>
    </ClInclude>
    <ClInclude Include="src\SDK\Invoker\Invoker.hpp">
      <Filter>Resource Files\Main Module\SDK\DInvoker</Filter>
    </ClInclude>
    <ClInclude Include="src\SDK\Scripts\ScriptManager.hpp">
      <Filter>Resource Files\Main Module\SDK\DLua</Filter>
    </ClInclude>
    <ClInclude Include="src\Structs\GameMaker\RValue.hpp">
      <Filter>Resource Files\Main Module\Structs\GameMaker</Filter>
    </ClInclude>
    <ClInclude Include="src\Core\Core.hpp">
      <Filter>Resource Files\Main Module\Core</Filter>
    </ClInclude>
    <ClInclude Include="src\Hooks\hkPresent\hkPresent.hpp">
      <Filter>Resource Files\Main Module\Hooks\Present</Filter>
    </ClInclude>
    <ClInclude Include="src\Hooks\hkEndScene\hkEndScene.hpp">
      <Filter>Resource Files\Main Module\Hooks\EndScene</Filter>
    </ClInclude>
    <ClInclude Include="src\Hooks\hkExecuteIt\hkExecuteIt.hpp">
      <Filter>Resource Files\Main Module\Hooks\ExecuteIt</Filter>
    </ClInclude>
    <ClInclude Include="src\Hooks\hkWndProc\hkWndProc.hpp">
      <Filter>Resource Files\Main Module\Hooks\WndProc</Filter>
    </ClInclude>
  </ItemGroup>
  <ItemGroup>
    <None Include="cpp.hint" />
  </ItemGroup>
</Project>